{
  "name": "@sourajeetpanda63/medium-common",
  "version": "1.0.2",
  "lockfileVersion": 3,
  "requires": true,
  "packages": {
    "": {
      "name": "@sourajeetpanda63/medium-common",
      "version": "1.0.2",
      "license": "ISC",
      "dependencies": {
        "@sourajeetpanda63/medium-common": "^1.0.2",
        "zod": "^3.23.8"
      }
    },
    "node_modules/@sourajeetpanda63/medium-common": {
      "version": "1.0.2",
      "resolved": "https://registry.npmjs.org/@sourajeetpanda63/medium-common/-/medium-common-1.0.2.tgz",
      "integrity": "sha512-G/z3ErIicWSj49c45L8LELlHFqvV8D8KNS10Tzfwa7EpjWHBzPzoo8kBs2ZMcD+1xftBVmtsYDZQRI2omE+4qw==",
      "dependencies": {
        "@sourajeetpanda63/medium-common": "^1.0.0",
        "zod": "^3.23.8"
      }
    },
    "node_modules/zod": {
      "version": "3.23.8",
      "resolved": "https://registry.npmjs.org/zod/-/zod-3.23.8.tgz",
      "integrity": "sha512-XBx9AXhXktjUqnepgTiE5flcKIYWi/rme0Eaj+5Y0lftuGBq+jyRu/md4WnuxqgP1ubdpNCsYEYPxrzVHD8d6g==",
      "funding": {
        "url": "https://github.com/sponsors/colinhacks"
      }
    }
  }
}
